
Microsoft Visual Studio Solution File, Format Version 12.00
# Visual Studio 14
VisualStudioVersion = 14.0.23107.0
MinimumVisualStudioVersion = 10.0.40219.1
Project("{FAE04EC0-301F-11D3-BF4B-00C04F79EFBC}") = "proyectoBD", "proyectoBD\proyectoBD.csproj", "{E07EA510-95BD-4FE2-A8D1-D13141C5723C}"
EndProject
Global
	GlobalSection(SolutionConfigurationPlatforms) = preSolution
		Debug|Any CPU = Debug|Any CPU
		Release|Any CPU = Release|Any CPU
	EndGlobalSection
	GlobalSection(ProjectConfigurationPlatforms) = postSolution
		{E07EA510-95BD-4FE2-A8D1-D13141C5723C}.Debug|Any CPU.ActiveCfg = Debug|Any CPU
		{E07EA510-95BD-4FE2-A8D1-D13141C5723C}.Debug|Any CPU.Build.0 = Debug|Any CPU
		{E07EA510-95BD-4FE2-A8D1-D13141C5723C}.Release|Any CPU.ActiveCfg = Release|Any CPU
		{E07EA510-95BD-4FE2-A8D1-D13141C5723C}.Release|Any CPU.Build.0 = Release|Any CPU
	EndGlobalSection
	GlobalSection(SolutionProperties) = preSolution
		HideSolutionNode = FALSE
	EndGlobalSection
EndGlobal
