
Microsoft Visual Studio Solution File, Format Version 12.00
# Visual Studio 14
VisualStudioVersion = 14.0.23107.0
MinimumVisualStudioVersion = 10.0.40219.1
Project("{FAE04EC0-301F-11D3-BF4B-00C04F79EFBC}") = "servidor-cliente", "servidor-cliente\servidor-cliente.csproj", "{BC0097F6-9F43-4BC9-ADF8-B0255A2C74B7}"
EndProject
Project("{2150E333-8FDC-42A3-9474-1A3956D46DE8}") = "Solution Items", "Solution Items", "{0B9DB670-E77F-43CC-AE79-9E68AF76E270}"
	ProjectSection(SolutionItems) = preProject
		..\serverChat.txt = ..\serverChat.txt
	EndProjectSection
EndProject
Global
	GlobalSection(SolutionConfigurationPlatforms) = preSolution
		Debug|Any CPU = Debug|Any CPU
		Release|Any CPU = Release|Any CPU
	EndGlobalSection
	GlobalSection(ProjectConfigurationPlatforms) = postSolution
		{BC0097F6-9F43-4BC9-ADF8-B0255A2C74B7}.Debug|Any CPU.ActiveCfg = Debug|Any CPU
		{BC0097F6-9F43-4BC9-ADF8-B0255A2C74B7}.Debug|Any CPU.Build.0 = Debug|Any CPU
		{BC0097F6-9F43-4BC9-ADF8-B0255A2C74B7}.Release|Any CPU.ActiveCfg = Release|Any CPU
		{BC0097F6-9F43-4BC9-ADF8-B0255A2C74B7}.Release|Any CPU.Build.0 = Release|Any CPU
	EndGlobalSection
	GlobalSection(SolutionProperties) = preSolution
		HideSolutionNode = FALSE
	EndGlobalSection
EndGlobal
